
Microsoft Visual Studio Solution File, Format Version 12.00
# Visual Studio Version 17
VisualStudioVersion = 17.9.34607.119
MinimumVisualStudioVersion = 10.0.40219.1
Project("{FAE04EC0-301F-11D3-BF4B-00C04F79EFBC}") = "CurrencyConverterAPI", "CurrencyConverterAPI\CurrencyConverterAPI.csproj", "{876F6E4E-C1FA-4028-A2B9-269B48CDB3A5}"
EndProject
Global
	GlobalSection(SolutionConfigurationPlatforms) = preSolution
		Debug|Any CPU = Debug|Any CPU
		Release|Any CPU = Release|Any CPU
	EndGlobalSection
	GlobalSection(ProjectConfigurationPlatforms) = postSolution
		{876F6E4E-C1FA-4028-A2B9-269B48CDB3A5}.Debug|Any CPU.ActiveCfg = Debug|Any CPU
		{876F6E4E-C1FA-4028-A2B9-269B48CDB3A5}.Debug|Any CPU.Build.0 = Debug|Any CPU
		{876F6E4E-C1FA-4028-A2B9-269B48CDB3A5}.Release|Any CPU.ActiveCfg = Release|Any CPU
		{876F6E4E-C1FA-4028-A2B9-269B48CDB3A5}.Release|Any CPU.Build.0 = Release|Any CPU
	EndGlobalSection
	GlobalSection(SolutionProperties) = preSolution
		HideSolutionNode = FALSE
	EndGlobalSection
	GlobalSection(ExtensibilityGlobals) = postSolution
		SolutionGuid = {CC7E5DD6-5CE4-45AB-A998-0D42800B8366}
	EndGlobalSection
EndGlobal
